
Microsoft Visual Studio Solution File, Format Version 12.00
# Visual Studio Version 17
VisualStudioVersion = 17.8.34330.188
MinimumVisualStudioVersion = 10.0.40219.1
Project("{FAE04EC0-301F-11D3-BF4B-00C04F79EFBC}") = "GrpcGreeterClient", "GrpcGreeterClient\GrpcGreeterClient.csproj", "{7CEA077B-1951-4189-87AD-E2D22CA9F0C9}"
EndProject
Global
	GlobalSection(SolutionConfigurationPlatforms) = preSolution
		Debug|Any CPU = Debug|Any CPU
		Release|Any CPU = Release|Any CPU
	EndGlobalSection
	GlobalSection(ProjectConfigurationPlatforms) = postSolution
		{7CEA077B-1951-4189-87AD-E2D22CA9F0C9}.Debug|Any CPU.ActiveCfg = Debug|Any CPU
		{7CEA077B-1951-4189-87AD-E2D22CA9F0C9}.Debug|Any CPU.Build.0 = Debug|Any CPU
		{7CEA077B-1951-4189-87AD-E2D22CA9F0C9}.Release|Any CPU.ActiveCfg = Release|Any CPU
		{7CEA077B-1951-4189-87AD-E2D22CA9F0C9}.Release|Any CPU.Build.0 = Release|Any CPU
	EndGlobalSection
	GlobalSection(SolutionProperties) = preSolution
		HideSolutionNode = FALSE
	EndGlobalSection
	GlobalSection(ExtensibilityGlobals) = postSolution
		SolutionGuid = {5C60F755-6595-438D-9A5C-1F3FBCB020A5}
	EndGlobalSection
EndGlobal
